%{"bunt": {:hex, :bunt, "0.2.0", "951c6e801e8b1d2cbe58ebbd3e616a869061ddadcc4863d0a2182541acae9a38", [], [], "hexpm"},
  "combine": {:hex, :combine, "0.9.6", "8d1034a127d4cbf6924c8a5010d3534d958085575fa4d9b878f200d79ac78335", [], [], "hexpm"},
  "credo": {:hex, :credo, "0.8.4", "4e50acac058cf6292d6066e5b0d03da5e1483702e1ccde39abba385c9f03ead4", [], [{:bunt, "~> 0.2.0", [hex: :bunt, repo: "hexpm", optional: false]}], "hexpm"},
  "dialyxir": {:hex, :dialyxir, "0.5.0", "5bc543f9c28ecd51b99cc1a685a3c2a1a93216990347f259406a910cf048d1d7", [], [], "hexpm"},
  "excheck": {:hex, :excheck, "0.5.3", "7326a29cc5fdb6900e66dac205a6a70cc994e2fe037d39136817d7dab13cdabf", [], [], "hexpm"},
  "focus": {:hex, :focus, "0.3.4", "976c9721db5fa11d6e514ea001dfd539d514590deb189fadeadcaff3fab13fbe", [], [], "hexpm"},
  "rose_tree": {:hex, :rose_tree, "0.2.0", "8c09c4ce8abe916362d821b89e34f40d31801ef5fd1512d3b3db34af21fc8032", [], [], "hexpm"},
  "triq": {:git, "https://github.com/triqng/triq.git", "4fea56d30a24ce9ce0a93f3dd1301044d35513ed", []}}
